// !$*UTF8*$!
{
	archiveVersion = 1;
	classes = {
	};
	objectVersion = 46;
	objects = {

/* Begin PBXBuildFile section */
		486CB8A61D926B3100AD4355 /* main.m in Sources */ = {isa = PBXBuildFile; fileRef = 486CB8A51D926B3100AD4355 /* main.m */; };
		486CB8A91D926B3100AD4355 /* AppDelegate.m in Sources */ = {isa = PBXBuildFile; fileRef = 486CB8A81D926B3100AD4355 /* AppDelegate.m */; };
		486CB8AC1D926B3100AD4355 /* ViewController.m in Sources */ = {isa = PBXBuildFile; fileRef = 486CB8AB1D926B3100AD4355 /* ViewController.m */; };
		486CB8AF1D926B3100AD4355 /* Main.storyboard in Resources */ = {isa = PBXBuildFile; fileRef = 486CB8AD1D926B3100AD4355 /* Main.storyboard */; };
		486CB8B11D926B3100AD4355 /* Assets.xcassets in Resources */ = {isa = PBXBuildFile; fileRef = 486CB8B01D926B3100AD4355 /* Assets.xcassets */; };
		486CB8B41D926B3100AD4355 /* LaunchScreen.storyboard in Resources */ = {isa = PBXBuildFile; fileRef = 486CB8B21D926B3100AD4355 /* LaunchScreen.storyboard */; };
		486CB8BF1D926B3100AD4355 /* iOS10__DemoTests.m in Sources */ = {isa = PBXBuildFile; fileRef = 486CB8BE1D926B3100AD4355 /* iOS10__DemoTests.m */; };
		486CB8CA1D926B3200AD4355 /* iOS10__DemoUITests.m in Sources */ = {isa = PBXBuildFile; fileRef = 486CB8C91D926B3200AD4355 /* iOS10__DemoUITests.m */; };
/* End PBXBuildFile section */

/* Begin PBXContainerItemProxy section */
		486CB8BB1D926B3100AD4355 /* PBXContainerItemProxy */ = {
			isa = PBXContainerItemProxy;
			containerPortal = 486CB8991D926B3100AD4355 /* Project object */;
			proxyType = 1;
			remoteGlobalIDString = 486CB8A01D926B3100AD4355;
			remoteInfo = "iOS10推送Demo";
		};
		486CB8C61D926B3100AD4355 /* PBXContainerItemProxy */ = {
			isa = PBXContainerItemProxy;
			containerPortal = 486CB8991D926B3100AD4355 /* Project object */;
			proxyType = 1;
			remoteGlobalIDString = 486CB8A01D926B3100AD4355;
			remoteInfo = "iOS10推送Demo";
		};
/* End PBXContainerItemProxy section */

/* Begin PBXFileReference section */
		486CB8A11D926B3100AD4355 /* iOS10推送Demo.app */ = {isa = PBXFileReference; explicitFileType = wrapper.application; includeInIndex = 0; path = "iOS10推送Demo.app"; sourceTree = BUILT_PRODUCTS_DIR; };
		486CB8A51D926B3100AD4355 /* main.m */ = {isa = PBXFileReference; lastKnownFileType = sourcecode.c.objc; path = main.m; sourceTree = "<group>"; };
		486CB8A71D926B3100AD4355 /* AppDelegate.h */ = {isa = PBXFileReference; lastKnownFileType = sourcecode.c.h; path = AppDelegate.h; sourceTree = "<group>"; };
		486CB8A81D926B3100AD4355 /* AppDelegate.m */ = {isa = PBXFileReference; lastKnownFileType = sourcecode.c.objc; path = AppDelegate.m; sourceTree = "<group>"; };
		486CB8AA1D926B3100AD4355 /* ViewController.h */ = {isa = PBXFileReference; lastKnownFileType = sourcecode.c.h; path = ViewController.h; sourceTree = "<group>"; };
		486CB8AB1D926B3100AD4355 /* ViewController.m */ = {isa = PBXFileReference; lastKnownFileType = sourcecode.c.objc; path = ViewController.m; sourceTree = "<group>"; };
		486CB8AE1D926B3100AD4355 /* Base */ = {isa = PBXFileReference; lastKnownFileType = file.storyboard; name = Base; path = Base.lproj/Main.storyboard; sourceTree = "<group>"; };
		486CB8B01D926B3100AD4355 /* Assets.xcassets */ = {isa = PBXFileReference; lastKnownFileType = folder.assetcatalog; path = Assets.xcassets; sourceTree = "<group>"; };
		486CB8B31D926B3100AD4355 /* Base */ = {isa = PBXFileReference; lastKnownFileType = file.storyboard; name = Base; path = Base.lproj/LaunchScreen.storyboard; sourceTree = "<group>"; };
		486CB8B51D926B3100AD4355 /* Info.plist */ = {isa = PBXFileReference; lastKnownFileType = text.plist.xml; path = Info.plist; sourceTree = "<group>"; };
		486CB8BA1D926B3100AD4355 /* iOS10推送DemoTests.xctest */ = {isa = PBXFileReference; explicitFileType = wrapper.cfbundle; includeInIndex = 0; path = "iOS10推送DemoTests.xctest"; sourceTree = BUILT_PRODUCTS_DIR; };
		486CB8BE1D926B3100AD4355 /* iOS10__DemoTests.m */ = {isa = PBXFileReference; lastKnownFileType = sourcecode.c.objc; path = iOS10__DemoTests.m; sourceTree = "<group>"; };
		486CB8C01D926B3100AD4355 /* Info.plist */ = {isa = PBXFileReference; lastKnownFileType = text.plist.xml; path = Info.plist; sourceTree = "<group>"; };
		486CB8C51D926B3100AD4355 /* iOS10推送DemoUITests.xctest */ = {isa = PBXFileReference; explicitFileType = wrapper.cfbundle; includeInIndex = 0; path = "iOS10推送DemoUITests.xctest"; sourceTree = BUILT_PRODUCTS_DIR; };
		486CB8C91D926B3200AD4355 /* iOS10__DemoUITests.m */ = {isa = PBXFileReference; lastKnownFileType = sourcecode.c.objc; path = iOS10__DemoUITests.m; sourceTree = "<group>"; };
		486CB8CB1D926B3200AD4355 /* Info.plist */ = {isa = PBXFileReference; lastKnownFileType = text.plist.xml; path = Info.plist; sourceTree = "<group>"; };
/* End PBXFileReference section */

/* Begin PBXFrameworksBuildPhase section */
		486CB89E1D926B3100AD4355 /* Frameworks */ = {
			isa = PBXFrameworksBuildPhase;
			buildActionMask = 2147483647;
			files = (
			);
			runOnlyForDeploymentPostprocessing = 0;
		};
		486CB8B71D926B3100AD4355 /* Frameworks */ = {
			isa = PBXFrameworksBuildPhase;
			buildActionMask = 2147483647;
			files = (
			);
			runOnlyForDeploymentPostprocessing = 0;
		};
		486CB8C21D926B3100AD4355 /* Frameworks */ = {
			isa = PBXFrameworksBuildPhase;
			buildActionMask = 2147483647;
			files = (
			);
			runOnlyForDeploymentPostprocessing = 0;
		};
/* End PBXFrameworksBuildPhase section */

/* Begin PBXGroup section */
		486CB8981D926B3100AD4355 = {
			isa = PBXGroup;
			children = (
				486CB8A31D926B3100AD4355 /* iOS10推送Demo */,
				486CB8BD1D926B3100AD4355 /* iOS10推送DemoTests */,
				486CB8C81D926B3100AD4355 /* iOS10推送DemoUITests */,
				486CB8A21D926B3100AD4355 /* Products */,
			);
			sourceTree = "<group>";
		};
		486CB8A21D926B3100AD4355 /* Products */ = {
			isa = PBXGroup;
			children = (
				486CB8A11D926B3100AD4355 /* iOS10推送Demo.app */,
				486CB8BA1D926B3100AD4355 /* iOS10推送DemoTests.xctest */,
				486CB8C51D926B3100AD4355 /* iOS10推送DemoUITests.xctest */,
			);
			name = Products;
			sourceTree = "<group>";
		};
		486CB8A31D926B3100AD4355 /* iOS10推送Demo */ = {
			isa = PBXGroup;
			children = (
				486CB8A71D926B3100AD4355 /* AppDelegate.h */,
				486CB8A81D926B3100AD4355 /* AppDelegate.m */,
				486CB8AA1D926B3100AD4355 /* ViewController.h */,
				486CB8AB1D926B3100AD4355 /* ViewController.m */,
				486CB8AD1D926B3100AD4355 /* Main.storyboard */,
				486CB8B01D926B3100AD4355 /* Assets.xcassets */,
				486CB8B21D926B3100AD4355 /* LaunchScreen.storyboard */,
				486CB8B51D926B3100AD4355 /* Info.plist */,
				486CB8A41D926B3100AD4355 /* Supporting Files */,
			);
			path = "iOS10推送Demo";
			sourceTree = "<group>";
		};
		486CB8A41D926B3100AD4355 /* Supporting Files */ = {
			isa = PBXGroup;
			children = (
				486CB8A51D926B3100AD4355 /* main.m */,
			);
			name = "Supporting Files";
			sourceTree = "<group>";
		};
		486CB8BD1D926B3100AD4355 /* iOS10推送DemoTests */ = {
			isa = PBXGroup;
			children = (
				486CB8BE1D926B3100AD4355 /* iOS10__DemoTests.m */,
				486CB8C01D926B3100AD4355 /* Info.plist */,
			);
			path = "iOS10推送DemoTests";
			sourceTree = "<group>";
		};
		486CB8C81D926B3100AD4355 /* iOS10推送DemoUITests */ = {
			isa = PBXGroup;
			children = (
				486CB8C91D926B3200AD4355 /* iOS10__DemoUITests.m */,
				486CB8CB1D926B3200AD4355 /* Info.plist */,
			);
			path = "iOS10推送DemoUITests";
			sourceTree = "<group>";
		};
/* End PBXGroup section */

/* Begin PBXNativeTarget section */
		486CB8A01D926B3100AD4355 /* iOS10推送Demo */ = {
			isa = PBXNativeTarget;
			buildConfigurationList = 486CB8CE1D926B3200AD4355 /* Build configuration list for PBXNativeTarget "iOS10推送Demo" */;
			buildPhases = (
				486CB89D1D926B3100AD4355 /* Sources */,
				486CB89E1D926B3100AD4355 /* Frameworks */,
				486CB89F1D926B3100AD4355 /* Resources */,
			);
			buildRules = (
			);
			dependencies = (
			);
			name = "iOS10推送Demo";
			productName = "iOS10推送Demo";
			productReference = 486CB8A11D926B3100AD4355 /* iOS10推送Demo.app */;
			productType = "com.apple.product-type.application";
		};
		486CB8B91D926B3100AD4355 /* iOS10推送DemoTests */ = {
			isa = PBXNativeTarget;
			buildConfigurationList = 486CB8D11D926B3200AD4355 /* Build configuration list for PBXNativeTarget "iOS10推送DemoTests" */;
			buildPhases = (
				486CB8B61D926B3100AD4355 /* Sources */,
				486CB8B71D926B3100AD4355 /* Frameworks */,
				486CB8B81D926B3100AD4355 /* Resources */,
			);
			buildRules = (
			);
			dependencies = (
				486CB8BC1D926B3100AD4355 /* PBXTargetDependency */,
			);
			name = "iOS10推送DemoTests";
			productName = "iOS10推送DemoTests";
			productReference = 486CB8BA1D926B3100AD4355 /* iOS10推送DemoTests.xctest */;
			productType = "com.apple.product-type.bundle.unit-test";
		};
		486CB8C41D926B3100AD4355 /* iOS10推送DemoUITests */ = {
			isa = PBXNativeTarget;
			buildConfigurationList = 486CB8D41D926B3200AD4355 /* Build configuration list for PBXNativeTarget "iOS10推送DemoUITests" */;
			buildPhases = (
				486CB8C11D926B3100AD4355 /* Sources */,
				486CB8C21D926B3100AD4355 /* Frameworks */,
				486CB8C31D926B3100AD4355 /* Resources */,
			);
			buildRules = (
			);
			dependencies = (
				486CB8C71D926B3100AD4355 /* PBXTargetDependency */,
			);
			name = "iOS10推送DemoUITests";
			productName = "iOS10推送DemoUITests";
			productReference = 486CB8C51D926B3100AD4355 /* iOS10推送DemoUITests.xctest */;
			productType = "com.apple.product-type.bundle.ui-testing";
		};
/* End PBXNativeTarget section */

/* Begin PBXProject section */
		486CB8991D926B3100AD4355 /* Project object */ = {
			isa = PBXProject;
			attributes = {
				LastUpgradeCheck = 0800;
				ORGANIZATIONNAME = bocai;
				TargetAttributes = {
					486CB8A01D926B3100AD4355 = {
						CreatedOnToolsVersion = 8.0;
						ProvisioningStyle = Automatic;
					};
					486CB8B91D926B3100AD4355 = {
						CreatedOnToolsVersion = 8.0;
						ProvisioningStyle = Automatic;
						TestTargetID = 486CB8A01D926B3100AD4355;
					};
					486CB8C41D926B3100AD4355 = {
						CreatedOnToolsVersion = 8.0;
						ProvisioningStyle = Automatic;
						TestTargetID = 486CB8A01D926B3100AD4355;
					};
				};
			};
			buildConfigurationList = 486CB89C1D926B3100AD4355 /* Build configuration list for PBXProject "iOS10推送Demo" */;
			compatibilityVersion = "Xcode 3.2";
			developmentRegion = English;
			hasScannedForEncodings = 0;
			knownRegions = (
				en,
				Base,
			);
			mainGroup = 486CB8981D926B3100AD4355;
			productRefGroup = 486CB8A21D926B3100AD4355 /* Products */;
			projectDirPath = "";
			projectRoot = "";
			targets = (
				486CB8A01D926B3100AD4355 /* iOS10推送Demo */,
				486CB8B91D926B3100AD4355 /* iOS10推送DemoTests */,
				486CB8C41D926B3100AD4355 /* iOS10推送DemoUITests */,
			);
		};
/* End PBXProject section */

/* Begin PBXResourcesBuildPhase section */
		486CB89F1D926B3100AD4355 /* Resources */ = {
			isa = PBXResourcesBuildPhase;
			buildActionMask = 2147483647;
			files = (
				486CB8B41D926B3100AD4355 /* LaunchScreen.storyboard in Resources */,
				486CB8B11D926B3100AD4355 /* Assets.xcassets in Resources */,
				486CB8AF1D926B3100AD4355 /* Main.storyboard in Resources */,
			);
			runOnlyForDeploymentPostprocessing = 0;
		};
		486CB8B81D926B3100AD4355 /* Resources */ = {
			isa = PBXResourcesBuildPhase;
			buildActionMask = 2147483647;
			files = (
			);
			runOnlyForDeploymentPostprocessing = 0;
		};
		486CB8C31D926B3100AD4355 /* Resources */ = {
			isa = PBXResourcesBuildPhase;
			buildActionMask = 2147483647;
			files = (
			);
			runOnlyForDeploymentPostprocessing = 0;
		};
/* End PBXResourcesBuildPhase section */

/* Begin PBXSourcesBuildPhase section */
		486CB89D1D926B3100AD4355 /* Sources */ = {
			isa = PBXSourcesBuildPhase;
			buildActionMask = 2147483647;
			files = (
				486CB8AC1D926B3100AD4355 /* ViewController.m in Sources */,
				486CB8A91D926B3100AD4355 /* AppDelegate.m in Sources */,
				486CB8A61D926B3100AD4355 /* main.m in Sources */,
			);
			runOnlyForDeploymentPostprocessing = 0;
		};
		486CB8B61D926B3100AD4355 /* Sources */ = {
			isa = PBXSourcesBuildPhase;
			buildActionMask = 2147483647;
			files = (
				486CB8BF1D926B3100AD4355 /* iOS10__DemoTests.m in Sources */,
			);
			runOnlyForDeploymentPostprocessing = 0;
		};
		486CB8C11D926B3100AD4355 /* Sources */ = {
			isa = PBXSourcesBuildPhase;
			buildActionMask = 2147483647;
			files = (
				486CB8CA1D926B3200AD4355 /* iOS10__DemoUITests.m in Sources */,
			);
			runOnlyForDeploymentPostprocessing = 0;
		};
/* End PBXSourcesBuildPhase section */

/* Begin PBXTargetDependency section */
		486CB8BC1D926B3100AD4355 /* PBXTargetDependency */ = {
			isa = PBXTargetDependency;
			target = 486CB8A01D926B3100AD4355 /* iOS10推送Demo */;
			targetProxy = 486CB8BB1D926B3100AD4355 /* PBXContainerItemProxy */;
		};
		486CB8C71D926B3100AD4355 /* PBXTargetDependency */ = {
			isa = PBXTargetDependency;
			target = 486CB8A01D926B3100AD4355 /* iOS10推送Demo */;
			targetProxy = 486CB8C61D926B3100AD4355 /* PBXContainerItemProxy */;
		};
/* End PBXTargetDependency section */

/* Begin PBXVariantGroup section */
		486CB8AD1D926B3100AD4355 /* Main.storyboard */ = {
			isa = PBXVariantGroup;
			children = (
				486CB8AE1D926B3100AD4355 /* Base */,
			);
			name = Main.storyboard;
			sourceTree = "<group>";
		};
		486CB8B21D926B3100AD4355 /* LaunchScreen.storyboard */ = {
			isa = PBXVariantGroup;
			children = (
				486CB8B31D926B3100AD4355 /* Base */,
			);
			name = LaunchScreen.storyboard;
			sourceTree = "<group>";
		};
/* End PBXVariantGroup section */

/* Begin XCBuildConfiguration section */
		486CB8CC1D926B3200AD4355 /* Debug */ = {
			isa = XCBuildConfiguration;
			buildSettings = {
				ALWAYS_SEARCH_USER_PATHS = NO;
				CLANG_ANALYZER_NONNULL = YES;
				CLANG_CXX_LANGUAGE_STANDARD = "gnu++0x";
				CLANG_CXX_LIBRARY = "libc++";
				CLANG_ENABLE_MODULES = YES;
				CLANG_ENABLE_OBJC_ARC = YES;
				CLANG_WARN_BOOL_CONVERSION = YES;
				CLANG_WARN_CONSTANT_CONVERSION = YES;
				CLANG_WARN_DIRECT_OBJC_ISA_USAGE = YES_ERROR;
				CLANG_WARN_DOCUMENTATION_COMMENTS = YES;
				CLANG_WARN_EMPTY_BODY = YES;
				CLANG_WARN_ENUM_CONVERSION = YES;
				CLANG_WARN_INFINITE_RECURSION = YES;
				CLANG_WARN_INT_CONVERSION = YES;
				CLANG_WARN_OBJC_ROOT_CLASS = YES_ERROR;
				CLANG_WARN_SUSPICIOUS_MOVES = YES;
				CLANG_WARN_UNREACHABLE_CODE = YES;
				CLANG_WARN__DUPLICATE_METHOD_MATCH = YES;
				"CODE_SIGN_IDENTITY[sdk=iphoneos*]" = "iPhone Developer";
				COPY_PHASE_STRIP = NO;
				DEBUG_INFORMATION_FORMAT = dwarf;
				ENABLE_STRICT_OBJC_MSGSEND = YES;
				ENABLE_TESTABILITY = YES;
				GCC_C_LANGUAGE_STANDARD = gnu99;
				GCC_DYNAMIC_NO_PIC = NO;
				GCC_NO_COMMON_BLOCKS = YES;
				GCC_OPTIMIZATION_LEVEL = 0;
				GCC_PREPROCESSOR_DEFINITIONS = (
					"DEBUG=1",
					"$(inherited)",
				);
				GCC_WARN_64_TO_32_BIT_CONVERSION = YES;
				GCC_WARN_ABOUT_RETURN_TYPE = YES_ERROR;
				GCC_WARN_UNDECLARED_SELECTOR = YES;
				GCC_WARN_UNINITIALIZED_AUTOS = YES_AGGRESSIVE;
				GCC_WARN_UNUSED_FUNCTION = YES;
				GCC_WARN_UNUSED_VARIABLE = YES;
				IPHONEOS_DEPLOYMENT_TARGET = 10.0;
				MTL_ENABLE_DEBUG_INFO = YES;
				ONLY_ACTIVE_ARCH = YES;
				SDKROOT = iphoneos;
			};
			name = Debug;
		};
		486CB8CD1D926B3200AD4355 /* Release */ = {
			isa = XCBuildConfiguration;
			buildSettings = {
				ALWAYS_SEARCH_USER_PATHS = NO;
				CLANG_ANALYZER_NONNULL = YES;
				CLANG_CXX_LANGUAGE_STANDARD = "gnu++0x";
				CLANG_CXX_LIBRARY = "libc++";
				CLANG_ENABLE_MODULES = YES;
				CLANG_ENABLE_OBJC_ARC = YES;
				CLANG_WARN_BOOL_CONVERSION = YES;
				CLANG_WARN_CONSTANT_CONVERSION = YES;
				CLANG_WARN_DIRECT_OBJC_ISA_USAGE = YES_ERROR;
				CLANG_WARN_DOCUMENTATION_COMMENTS = YES;
				CLANG_WARN_EMPTY_BODY = YES;
				CLANG_WARN_ENUM_CONVERSION = YES;
				CLANG_WARN_INFINITE_RECURSION = YES;
				CLANG_WARN_INT_CONVERSION = YES;
				CLANG_WARN_OBJC_ROOT_CLASS = YES_ERROR;
				CLANG_WARN_SUSPICIOUS_MOVES = YES;
				CLANG_WARN_UNREACHABLE_CODE = YES;
				CLANG_WARN__DUPLICATE_METHOD_MATCH = YES;
				"CODE_SIGN_IDENTITY[sdk=iphoneos*]" = "iPhone Developer";
				COPY_PHASE_STRIP = NO;
				DEBUG_INFORMATION_FORMAT = "dwarf-with-dsym";
				ENABLE_NS_ASSERTIONS = NO;
				ENABLE_STRICT_OBJC_MSGSEND = YES;
				GCC_C_LANGUAGE_STANDARD = gnu99;
				GCC_NO_COMMON_BLOCKS = YES;
				GCC_WARN_64_TO_32_BIT_CONVERSION = YES;
				GCC_WARN_ABOUT_RETURN_TYPE = YES_ERROR;
				GCC_WARN_UNDECLARED_SELECTOR = YES;
				GCC_WARN_UNINITIALIZED_AUTOS = YES_AGGRESSIVE;
				GCC_WARN_UNUSED_FUNCTION = YES;
				GCC_WARN_UNUSED_VARIABLE = YES;
				IPHONEOS_DEPLOYMENT_TARGET = 10.0;
				MTL_ENABLE_DEBUG_INFO = NO;
				SDKROOT = iphoneos;
				VALIDATE_PRODUCT = YES;
			};
			name = Release;
		};
		486CB8CF1D926B3200AD4355 /* Debug */ = {
			isa = XCBuildConfiguration;
			buildSettings = {
				ASSETCATALOG_COMPILER_APPICON_NAME = AppIcon;
				INFOPLIST_FILE = "iOS10推送Demo/Info.plist";
				LD_RUNPATH_SEARCH_PATHS = "$(inherited) @executable_path/Frameworks";
				PRODUCT_BUNDLE_IDENTIFIER = "com.myText.iOS10--Demo";
				PRODUCT_NAME = "$(TARGET_NAME)";
			};
			name = Debug;
		};
		486CB8D01D926B3200AD4355 /* Release */ = {
			isa = XCBuildConfiguration;
			buildSettings = {
				ASSETCATALOG_COMPILER_APPICON_NAME = AppIcon;
				INFOPLIST_FILE = "iOS10推送Demo/Info.plist";
				LD_RUNPATH_SEARCH_PATHS = "$(inherited) @executable_path/Frameworks";
				PRODUCT_BUNDLE_IDENTIFIER = "com.myText.iOS10--Demo";
				PRODUCT_NAME = "$(TARGET_NAME)";
			};
			name = Release;
		};
		486CB8D21D926B3200AD4355 /* Debug */ = {
			isa = XCBuildConfiguration;
			buildSettings = {
				BUNDLE_LOADER = "$(TEST_HOST)";
				INFOPLIST_FILE = "iOS10推送DemoTests/Info.plist";
				LD_RUNPATH_SEARCH_PATHS = "$(inherited) @executable_path/Frameworks @loader_path/Frameworks";
				PRODUCT_BUNDLE_IDENTIFIER = "com.myText.iOS10--DemoTests";
				PRODUCT_NAME = "$(TARGET_NAME)";
				TEST_HOST = "$(BUILT_PRODUCTS_DIR)/iOS10推送Demo.app/iOS10推送Demo";
			};
			name = Debug;
		};
		486CB8D31D926B3200AD4355 /* Release */ = {
			isa = XCBuildConfiguration;
			buildSettings = {
				BUNDLE_LOADER = "$(TEST_HOST)";
				INFOPLIST_FILE = "iOS10推送DemoTests/Info.plist";
				LD_RUNPATH_SEARCH_PATHS = "$(inherited) @executable_path/Frameworks @loader_path/Frameworks";
				PRODUCT_BUNDLE_IDENTIFIER = "com.myText.iOS10--DemoTests";
				PRODUCT_NAME = "$(TARGET_NAME)";
				TEST_HOST = "$(BUILT_PRODUCTS_DIR)/iOS10推送Demo.app/iOS10推送Demo";
			};
			name = Release;
		};
		486CB8D51D926B3200AD4355 /* Debug */ = {
			isa = XCBuildConfiguration;
			buildSettings = {
				INFOPLIST_FILE = "iOS10推送DemoUITests/Info.plist";
				LD_RUNPATH_SEARCH_PATHS = "$(inherited) @executable_path/Frameworks @loader_path/Frameworks";
				PRODUCT_BUNDLE_IDENTIFIER = "com.myText.iOS10--DemoUITests";
				PRODUCT_NAME = "$(TARGET_NAME)";
				TEST_TARGET_NAME = "iOS10推送Demo";
			};
			name = Debug;
		};
		486CB8D61D926B3200AD4355 /* Release */ = {
			isa = XCBuildConfiguration;
			buildSettings = {
				INFOPLIST_FILE = "iOS10推送DemoUITests/Info.plist";
				LD_RUNPATH_SEARCH_PATHS = "$(inherited) @executable_path/Frameworks @loader_path/Frameworks";
				PRODUCT_BUNDLE_IDENTIFIER = "com.myText.iOS10--DemoUITests";
				PRODUCT_NAME = "$(TARGET_NAME)";
				TEST_TARGET_NAME = "iOS10推送Demo";
			};
			name = Release;
		};
/* End XCBuildConfiguration section */

/* Begin XCConfigurationList section */
		486CB89C1D926B3100AD4355 /* Build configuration list for PBXProject "iOS10推送Demo" */ = {
			isa = XCConfigurationList;
			buildConfigurations = (
				486CB8CC1D926B3200AD4355 /* Debug */,
				486CB8CD1D926B3200AD4355 /* Release */,
			);
			defaultConfigurationIsVisible = 0;
			defaultConfigurationName = Release;
		};
		486CB8CE1D926B3200AD4355 /* Build configuration list for PBXNativeTarget "iOS10推送Demo" */ = {
			isa = XCConfigurationList;
			buildConfigurations = (
				486CB8CF1D926B3200AD4355 /* Debug */,
				486CB8D01D926B3200AD4355 /* Release */,
			);
			defaultConfigurationIsVisible = 0;
		};
		486CB8D11D926B3200AD4355 /* Build configuration list for PBXNativeTarget "iOS10推送DemoTests" */ = {
			isa = XCConfigurationList;
			buildConfigurations = (
				486CB8D21D926B3200AD4355 /* Debug */,
				486CB8D31D926B3200AD4355 /* Release */,
			);
			defaultConfigurationIsVisible = 0;
		};
		486CB8D41D926B3200AD4355 /* Build configuration list for PBXNativeTarget "iOS10推送DemoUITests" */ = {
			isa = XCConfigurationList;
			buildConfigurations = (
				486CB8D51D926B3200AD4355 /* Debug */,
				486CB8D61D926B3200AD4355 /* Release */,
			);
			defaultConfigurationIsVisible = 0;
		};
/* End XCConfigurationList section */
	};
	rootObject = 486CB8991D926B3100AD4355 /* Project object */;
}
